// !$*UTF8*$!
{
	archiveVersion = 1;
	classes = {
	};
	objectVersion = 55;
	objects = {

/* Begin PBXBuildFile section */
		367D73FF278CDD0F008D7007 /* AppDelegate.swift in Sources */ = {isa = PBXBuildFile; fileRef = 367D73FE278CDD0F008D7007 /* AppDelegate.swift */; };
		367D7401278CDD0F008D7007 /* SceneDelegate.swift in Sources */ = {isa = PBXBuildFile; fileRef = 367D7400278CDD0F008D7007 /* SceneDelegate.swift */; };
		367D7406278CDD0F008D7007 /* Main.storyboard in Resources */ = {isa = PBXBuildFile; fileRef = 367D7404278CDD0F008D7007 /* Main.storyboard */; };
		367D7408278CDD18008D7007 /* Assets.xcassets in Resources */ = {isa = PBXBuildFile; fileRef = 367D7407278CDD18008D7007 /* Assets.xcassets */; };
		367D740B278CDD18008D7007 /* LaunchScreen.storyboard in Resources */ = {isa = PBXBuildFile; fileRef = 367D7409278CDD18008D7007 /* LaunchScreen.storyboard */; };
		367D7418278CDD96008D7007 /* CloudKit.framework in Frameworks */ = {isa = PBXBuildFile; fileRef = 367D7417278CDD96008D7007 /* CloudKit.framework */; };
		367D741B278CDE7C008D7007 /* Hype.swift in Sources */ = {isa = PBXBuildFile; fileRef = 367D741A278CDE7C008D7007 /* Hype.swift */; };
		367D741F278CF12C008D7007 /* HypeController.swift in Sources */ = {isa = PBXBuildFile; fileRef = 367D741E278CF12C008D7007 /* HypeController.swift */; };
		367D7422278CF937008D7007 /* HypeListViewController.swift in Sources */ = {isa = PBXBuildFile; fileRef = 367D7421278CF937008D7007 /* HypeListViewController.swift */; };
		367D7424278CFB91008D7007 /* DateExtension.swift in Sources */ = {isa = PBXBuildFile; fileRef = 367D7423278CFB91008D7007 /* DateExtension.swift */; };
/* End PBXBuildFile section */

/* Begin PBXFileReference section */
		367D73FB278CDD0F008D7007 /* Hype.app */ = {isa = PBXFileReference; explicitFileType = wrapper.application; includeInIndex = 0; path = Hype.app; sourceTree = BUILT_PRODUCTS_DIR; };
		367D73FE278CDD0F008D7007 /* AppDelegate.swift */ = {isa = PBXFileReference; lastKnownFileType = sourcecode.swift; path = AppDelegate.swift; sourceTree = "<group>"; };
		367D7400278CDD0F008D7007 /* SceneDelegate.swift */ = {isa = PBXFileReference; lastKnownFileType = sourcecode.swift; path = SceneDelegate.swift; sourceTree = "<group>"; };
		367D7405278CDD0F008D7007 /* Base */ = {isa = PBXFileReference; lastKnownFileType = file.storyboard; name = Base; path = Base.lproj/Main.storyboard; sourceTree = "<group>"; };
		367D7407278CDD18008D7007 /* Assets.xcassets */ = {isa = PBXFileReference; lastKnownFileType = folder.assetcatalog; path = Assets.xcassets; sourceTree = "<group>"; };
		367D740A278CDD18008D7007 /* Base */ = {isa = PBXFileReference; lastKnownFileType = file.storyboard; name = Base; path = Base.lproj/LaunchScreen.storyboard; sourceTree = "<group>"; };
		367D740C278CDD18008D7007 /* Info.plist */ = {isa = PBXFileReference; lastKnownFileType = text.plist.xml; path = Info.plist; sourceTree = "<group>"; };
		367D7415278CDD93008D7007 /* Hype.entitlements */ = {isa = PBXFileReference; lastKnownFileType = text.plist.entitlements; path = Hype.entitlements; sourceTree = "<group>"; };
		367D7417278CDD96008D7007 /* CloudKit.framework */ = {isa = PBXFileReference; lastKnownFileType = wrapper.framework; name = CloudKit.framework; path = System/Library/Frameworks/CloudKit.framework; sourceTree = SDKROOT; };
		367D741A278CDE7C008D7007 /* Hype.swift */ = {isa = PBXFileReference; lastKnownFileType = sourcecode.swift; path = Hype.swift; sourceTree = "<group>"; };
		367D741E278CF12C008D7007 /* HypeController.swift */ = {isa = PBXFileReference; lastKnownFileType = sourcecode.swift; path = HypeController.swift; sourceTree = "<group>"; };
		367D7421278CF937008D7007 /* HypeListViewController.swift */ = {isa = PBXFileReference; lastKnownFileType = sourcecode.swift; path = HypeListViewController.swift; sourceTree = "<group>"; };
		367D7423278CFB91008D7007 /* DateExtension.swift */ = {isa = PBXFileReference; lastKnownFileType = sourcecode.swift; path = DateExtension.swift; sourceTree = "<group>"; };
/* End PBXFileReference section */

/* Begin PBXFrameworksBuildPhase section */
		367D73F8278CDD0F008D7007 /* Frameworks */ = {
			isa = PBXFrameworksBuildPhase;
			buildActionMask = 2147483647;
			files = (
				367D7418278CDD96008D7007 /* CloudKit.framework in Frameworks */,
			);
			runOnlyForDeploymentPostprocessing = 0;
		};
/* End PBXFrameworksBuildPhase section */

/* Begin PBXGroup section */
		367D73F2278CDD0F008D7007 = {
			isa = PBXGroup;
			children = (
				367D73FD278CDD0F008D7007 /* Hype */,
				367D73FC278CDD0F008D7007 /* Products */,
				367D7416278CDD96008D7007 /* Frameworks */,
			);
			sourceTree = "<group>";
		};
		367D73FC278CDD0F008D7007 /* Products */ = {
			isa = PBXGroup;
			children = (
				367D73FB278CDD0F008D7007 /* Hype.app */,
			);
			name = Products;
			sourceTree = "<group>";
		};
		367D73FD278CDD0F008D7007 /* Hype */ = {
			isa = PBXGroup;
			children = (
				367D7415278CDD93008D7007 /* Hype.entitlements */,
				367D7419278CDE69008D7007 /* Model */,
				367D7413278CDD2A008D7007 /* Views */,
				367D741C278CF112008D7007 /* Controllers */,
				367D7412278CDD1D008D7007 /* Resources */,
			);
			path = Hype;
			sourceTree = "<group>";
		};
		367D7412278CDD1D008D7007 /* Resources */ = {
			isa = PBXGroup;
			children = (
				367D73FE278CDD0F008D7007 /* AppDelegate.swift */,
				367D7400278CDD0F008D7007 /* SceneDelegate.swift */,
				367D7407278CDD18008D7007 /* Assets.xcassets */,
				367D7409278CDD18008D7007 /* LaunchScreen.storyboard */,
				367D740C278CDD18008D7007 /* Info.plist */,
			);
			path = Resources;
			sourceTree = "<group>";
		};
		367D7413278CDD2A008D7007 /* Views */ = {
			isa = PBXGroup;
			children = (
				367D7414278CDD2D008D7007 /* Storyboards */,
			);
			path = Views;
			sourceTree = "<group>";
		};
		367D7414278CDD2D008D7007 /* Storyboards */ = {
			isa = PBXGroup;
			children = (
				367D7404278CDD0F008D7007 /* Main.storyboard */,
			);
			path = Storyboards;
			sourceTree = "<group>";
		};
		367D7416278CDD96008D7007 /* Frameworks */ = {
			isa = PBXGroup;
			children = (
				367D7417278CDD96008D7007 /* CloudKit.framework */,
			);
			name = Frameworks;
			sourceTree = "<group>";
		};
		367D7419278CDE69008D7007 /* Model */ = {
			isa = PBXGroup;
			children = (
				367D741A278CDE7C008D7007 /* Hype.swift */,
			);
			path = Model;
			sourceTree = "<group>";
		};
		367D741C278CF112008D7007 /* Controllers */ = {
			isa = PBXGroup;
			children = (
				367D741D278CF119008D7007 /* ModelControllers */,
				367D7420278CF91E008D7007 /* ViewControllers */,
				367D7425278CFB99008D7007 /* Helpers + Extension */,
			);
			path = Controllers;
			sourceTree = "<group>";
		};
		367D741D278CF119008D7007 /* ModelControllers */ = {
			isa = PBXGroup;
			children = (
				367D741E278CF12C008D7007 /* HypeController.swift */,
			);
			path = ModelControllers;
			sourceTree = "<group>";
		};
		367D7420278CF91E008D7007 /* ViewControllers */ = {
			isa = PBXGroup;
			children = (
				367D7421278CF937008D7007 /* HypeListViewController.swift */,
			);
			path = ViewControllers;
			sourceTree = "<group>";
		};
		367D7425278CFB99008D7007 /* Helpers + Extension */ = {
			isa = PBXGroup;
			children = (
				367D7423278CFB91008D7007 /* DateExtension.swift */,
			);
			path = "Helpers + Extension";
			sourceTree = "<group>";
		};
/* End PBXGroup section */

/* Begin PBXNativeTarget section */
		367D73FA278CDD0F008D7007 /* Hype */ = {
			isa = PBXNativeTarget;
			buildConfigurationList = 367D740F278CDD18008D7007 /* Build configuration list for PBXNativeTarget "Hype" */;
			buildPhases = (
				367D73F7278CDD0F008D7007 /* Sources */,
				367D73F8278CDD0F008D7007 /* Frameworks */,
				367D73F9278CDD0F008D7007 /* Resources */,
			);
			buildRules = (
			);
			dependencies = (
			);
			name = Hype;
			productName = Hype;
			productReference = 367D73FB278CDD0F008D7007 /* Hype.app */;
			productType = "com.apple.product-type.application";
		};
/* End PBXNativeTarget section */

/* Begin PBXProject section */
		367D73F3278CDD0F008D7007 /* Project object */ = {
			isa = PBXProject;
			attributes = {
				BuildIndependentTargetsInParallel = 1;
				LastSwiftUpdateCheck = 1320;
				LastUpgradeCheck = 1320;
				TargetAttributes = {
					367D73FA278CDD0F008D7007 = {
						CreatedOnToolsVersion = 13.2.1;
					};
				};
			};
			buildConfigurationList = 367D73F6278CDD0F008D7007 /* Build configuration list for PBXProject "Hype" */;
			compatibilityVersion = "Xcode 13.0";
			developmentRegion = en;
			hasScannedForEncodings = 0;
			knownRegions = (
				en,
				Base,
			);
			mainGroup = 367D73F2278CDD0F008D7007;
			productRefGroup = 367D73FC278CDD0F008D7007 /* Products */;
			projectDirPath = "";
			projectRoot = "";
			targets = (
				367D73FA278CDD0F008D7007 /* Hype */,
			);
		};
/* End PBXProject section */

/* Begin PBXResourcesBuildPhase section */
		367D73F9278CDD0F008D7007 /* Resources */ = {
			isa = PBXResourcesBuildPhase;
			buildActionMask = 2147483647;
			files = (
				367D740B278CDD18008D7007 /* LaunchScreen.storyboard in Resources */,
				367D7408278CDD18008D7007 /* Assets.xcassets in Resources */,
				367D7406278CDD0F008D7007 /* Main.storyboard in Resources */,
			);
			runOnlyForDeploymentPostprocessing = 0;
		};
/* End PBXResourcesBuildPhase section */

/* Begin PBXSourcesBuildPhase section */
		367D73F7278CDD0F008D7007 /* Sources */ = {
			isa = PBXSourcesBuildPhase;
			buildActionMask = 2147483647;
			files = (
				367D73FF278CDD0F008D7007 /* AppDelegate.swift in Sources */,
				367D7424278CFB91008D7007 /* DateExtension.swift in Sources */,
				367D741F278CF12C008D7007 /* HypeController.swift in Sources */,
				367D7422278CF937008D7007 /* HypeListViewController.swift in Sources */,
				367D7401278CDD0F008D7007 /* SceneDelegate.swift in Sources */,
				367D741B278CDE7C008D7007 /* Hype.swift in Sources */,
			);
			runOnlyForDeploymentPostprocessing = 0;
		};
/* End PBXSourcesBuildPhase section */

/* Begin PBXVariantGroup section */
		367D7404278CDD0F008D7007 /* Main.storyboard */ = {
			isa = PBXVariantGroup;
			children = (
				367D7405278CDD0F008D7007 /* Base */,
			);
			name = Main.storyboard;
			sourceTree = "<group>";
		};
		367D7409278CDD18008D7007 /* LaunchScreen.storyboard */ = {
			isa = PBXVariantGroup;
			children = (
				367D740A278CDD18008D7007 /* Base */,
			);
			name = LaunchScreen.storyboard;
			sourceTree = "<group>";
		};
/* End PBXVariantGroup section */

/* Begin XCBuildConfiguration section */
		367D740D278CDD18008D7007 /* Debug */ = {
			isa = XCBuildConfiguration;
			buildSettings = {
				ALWAYS_SEARCH_USER_PATHS = NO;
				CLANG_ANALYZER_NONNULL = YES;
				CLANG_ANALYZER_NUMBER_OBJECT_CONVERSION = YES_AGGRESSIVE;
				CLANG_CXX_LANGUAGE_STANDARD = "gnu++17";
				CLANG_CXX_LIBRARY = "libc++";
				CLANG_ENABLE_MODULES = YES;
				CLANG_ENABLE_OBJC_ARC = YES;
				CLANG_ENABLE_OBJC_WEAK = YES;
				CLANG_WARN_BLOCK_CAPTURE_AUTORELEASING = YES;
				CLANG_WARN_BOOL_CONVERSION = YES;
				CLANG_WARN_COMMA = YES;
				CLANG_WARN_CONSTANT_CONVERSION = YES;
				CLANG_WARN_DEPRECATED_OBJC_IMPLEMENTATIONS = YES;
				CLANG_WARN_DIRECT_OBJC_ISA_USAGE = YES_ERROR;
				CLANG_WARN_DOCUMENTATION_COMMENTS = YES;
				CLANG_WARN_EMPTY_BODY = YES;
				CLANG_WARN_ENUM_CONVERSION = YES;
				CLANG_WARN_INFINITE_RECURSION = YES;
				CLANG_WARN_INT_CONVERSION = YES;
				CLANG_WARN_NON_LITERAL_NULL_CONVERSION = YES;
				CLANG_WARN_OBJC_IMPLICIT_RETAIN_SELF = YES;
				CLANG_WARN_OBJC_LITERAL_CONVERSION = YES;
				CLANG_WARN_OBJC_ROOT_CLASS = YES_ERROR;
				CLANG_WARN_QUOTED_INCLUDE_IN_FRAMEWORK_HEADER = YES;
				CLANG_WARN_RANGE_LOOP_ANALYSIS = YES;
				CLANG_WARN_STRICT_PROTOTYPES = YES;
				CLANG_WARN_SUSPICIOUS_MOVE = YES;
				CLANG_WARN_UNGUARDED_AVAILABILITY = YES_AGGRESSIVE;
				CLANG_WARN_UNREACHABLE_CODE = YES;
				CLANG_WARN__DUPLICATE_METHOD_MATCH = YES;
				COPY_PHASE_STRIP = NO;
				DEBUG_INFORMATION_FORMAT = dwarf;
				ENABLE_STRICT_OBJC_MSGSEND = YES;
				ENABLE_TESTABILITY = YES;
				GCC_C_LANGUAGE_STANDARD = gnu11;
				GCC_DYNAMIC_NO_PIC = NO;
				GCC_NO_COMMON_BLOCKS = YES;
				GCC_OPTIMIZATION_LEVEL = 0;
				GCC_PREPROCESSOR_DEFINITIONS = (
					"DEBUG=1",
					"$(inherited)",
				);
				GCC_WARN_64_TO_32_BIT_CONVERSION = YES;
				GCC_WARN_ABOUT_RETURN_TYPE = YES_ERROR;
				GCC_WARN_UNDECLARED_SELECTOR = YES;
				GCC_WARN_UNINITIALIZED_AUTOS = YES_AGGRESSIVE;
				GCC_WARN_UNUSED_FUNCTION = YES;
				GCC_WARN_UNUSED_VARIABLE = YES;
				IPHONEOS_DEPLOYMENT_TARGET = 15.2;
				MTL_ENABLE_DEBUG_INFO = INCLUDE_SOURCE;
				MTL_FAST_MATH = YES;
				ONLY_ACTIVE_ARCH = YES;
				SDKROOT = iphoneos;
				SWIFT_ACTIVE_COMPILATION_CONDITIONS = DEBUG;
				SWIFT_OPTIMIZATION_LEVEL = "-Onone";
			};
			name = Debug;
		};
		367D740E278CDD18008D7007 /* Release */ = {
			isa = XCBuildConfiguration;
			buildSettings = {
				ALWAYS_SEARCH_USER_PATHS = NO;
				CLANG_ANALYZER_NONNULL = YES;
				CLANG_ANALYZER_NUMBER_OBJECT_CONVERSION = YES_AGGRESSIVE;
				CLANG_CXX_LANGUAGE_STANDARD = "gnu++17";
				CLANG_CXX_LIBRARY = "libc++";
				CLANG_ENABLE_MODULES = YES;
				CLANG_ENABLE_OBJC_ARC = YES;
				CLANG_ENABLE_OBJC_WEAK = YES;
				CLANG_WARN_BLOCK_CAPTURE_AUTORELEASING = YES;
				CLANG_WARN_BOOL_CONVERSION = YES;
				CLANG_WARN_COMMA = YES;
				CLANG_WARN_CONSTANT_CONVERSION = YES;
				CLANG_WARN_DEPRECATED_OBJC_IMPLEMENTATIONS = YES;
				CLANG_WARN_DIRECT_OBJC_ISA_USAGE = YES_ERROR;
				CLANG_WARN_DOCUMENTATION_COMMENTS = YES;
				CLANG_WARN_EMPTY_BODY = YES;
				CLANG_WARN_ENUM_CONVERSION = YES;
				CLANG_WARN_INFINITE_RECURSION = YES;
				CLANG_WARN_INT_CONVERSION = YES;
				CLANG_WARN_NON_LITERAL_NULL_CONVERSION = YES;
				CLANG_WARN_OBJC_IMPLICIT_RETAIN_SELF = YES;
				CLANG_WARN_OBJC_LITERAL_CONVERSION = YES;
				CLANG_WARN_OBJC_ROOT_CLASS = YES_ERROR;
				CLANG_WARN_QUOTED_INCLUDE_IN_FRAMEWORK_HEADER = YES;
				CLANG_WARN_RANGE_LOOP_ANALYSIS = YES;
				CLANG_WARN_STRICT_PROTOTYPES = YES;
				CLANG_WARN_SUSPICIOUS_MOVE = YES;
				CLANG_WARN_UNGUARDED_AVAILABILITY = YES_AGGRESSIVE;
				CLANG_WARN_UNREACHABLE_CODE = YES;
				CLANG_WARN__DUPLICATE_METHOD_MATCH = YES;
				COPY_PHASE_STRIP = NO;
				DEBUG_INFORMATION_FORMAT = "dwarf-with-dsym";
				ENABLE_NS_ASSERTIONS = NO;
				ENABLE_STRICT_OBJC_MSGSEND = YES;
				GCC_C_LANGUAGE_STANDARD = gnu11;
				GCC_NO_COMMON_BLOCKS = YES;
				GCC_WARN_64_TO_32_BIT_CONVERSION = YES;
				GCC_WARN_ABOUT_RETURN_TYPE = YES_ERROR;
				GCC_WARN_UNDECLARED_SELECTOR = YES;
				GCC_WARN_UNINITIALIZED_AUTOS = YES_AGGRESSIVE;
				GCC_WARN_UNUSED_FUNCTION = YES;
				GCC_WARN_UNUSED_VARIABLE = YES;
				IPHONEOS_DEPLOYMENT_TARGET = 15.2;
				MTL_ENABLE_DEBUG_INFO = NO;
				MTL_FAST_MATH = YES;
				SDKROOT = iphoneos;
				SWIFT_COMPILATION_MODE = wholemodule;
				SWIFT_OPTIMIZATION_LEVEL = "-O";
				VALIDATE_PRODUCT = YES;
			};
			name = Release;
		};
		367D7410278CDD18008D7007 /* Debug */ = {
			isa = XCBuildConfiguration;
			buildSettings = {
				ASSETCATALOG_COMPILER_APPICON_NAME = AppIcon;
				ASSETCATALOG_COMPILER_GLOBAL_ACCENT_COLOR_NAME = AccentColor;
				CODE_SIGN_ENTITLEMENTS = Hype/Hype.entitlements;
				CODE_SIGN_STYLE = Automatic;
				CURRENT_PROJECT_VERSION = 1;
				DEVELOPMENT_TEAM = H4A4K7JEVG;
				GENERATE_INFOPLIST_FILE = YES;
				INFOPLIST_FILE = Hype/Resources/Info.plist;
				INFOPLIST_KEY_UIApplicationSupportsIndirectInputEvents = YES;
				INFOPLIST_KEY_UILaunchStoryboardName = LaunchScreen;
				INFOPLIST_KEY_UIMainStoryboardFile = Main;
				INFOPLIST_KEY_UISupportedInterfaceOrientations_iPad = "UIInterfaceOrientationPortrait UIInterfaceOrientationPortraitUpsideDown UIInterfaceOrientationLandscapeLeft UIInterfaceOrientationLandscapeRight";
				INFOPLIST_KEY_UISupportedInterfaceOrientations_iPhone = "UIInterfaceOrientationPortrait UIInterfaceOrientationLandscapeLeft UIInterfaceOrientationLandscapeRight";
				LD_RUNPATH_SEARCH_PATHS = (
					"$(inherited)",
					"@executable_path/Frameworks",
				);
				MARKETING_VERSION = 1.0;
				PRODUCT_BUNDLE_IDENTIFIER = com.JustinLowry.Hype;
				PRODUCT_NAME = "$(TARGET_NAME)";
				SWIFT_EMIT_LOC_STRINGS = YES;
				SWIFT_VERSION = 5.0;
				TARGETED_DEVICE_FAMILY = "1,2";
			};
			name = Debug;
		};
		367D7411278CDD18008D7007 /* Release */ = {
			isa = XCBuildConfiguration;
			buildSettings = {
				ASSETCATALOG_COMPILER_APPICON_NAME = AppIcon;
				ASSETCATALOG_COMPILER_GLOBAL_ACCENT_COLOR_NAME = AccentColor;
				CODE_SIGN_ENTITLEMENTS = Hype/Hype.entitlements;
				CODE_SIGN_STYLE = Automatic;
				CURRENT_PROJECT_VERSION = 1;
				DEVELOPMENT_TEAM = H4A4K7JEVG;
				GENERATE_INFOPLIST_FILE = YES;
				INFOPLIST_FILE = Hype/Resources/Info.plist;
				INFOPLIST_KEY_UIApplicationSupportsIndirectInputEvents = YES;
				INFOPLIST_KEY_UILaunchStoryboardName = LaunchScreen;
				INFOPLIST_KEY_UIMainStoryboardFile = Main;
				INFOPLIST_KEY_UISupportedInterfaceOrientations_iPad = "UIInterfaceOrientationPortrait UIInterfaceOrientationPortraitUpsideDown UIInterfaceOrientationLandscapeLeft UIInterfaceOrientationLandscapeRight";
				INFOPLIST_KEY_UISupportedInterfaceOrientations_iPhone = "UIInterfaceOrientationPortrait UIInterfaceOrientationLandscapeLeft UIInterfaceOrientationLandscapeRight";
				LD_RUNPATH_SEARCH_PATHS = (
					"$(inherited)",
					"@executable_path/Frameworks",
				);
				MARKETING_VERSION = 1.0;
				PRODUCT_BUNDLE_IDENTIFIER = com.JustinLowry.Hype;
				PRODUCT_NAME = "$(TARGET_NAME)";
				SWIFT_EMIT_LOC_STRINGS = YES;
				SWIFT_VERSION = 5.0;
				TARGETED_DEVICE_FAMILY = "1,2";
			};
			name = Release;
		};
/* End XCBuildConfiguration section */

/* Begin XCConfigurationList section */
		367D73F6278CDD0F008D7007 /* Build configuration list for PBXProject "Hype" */ = {
			isa = XCConfigurationList;
			buildConfigurations = (
				367D740D278CDD18008D7007 /* Debug */,
				367D740E278CDD18008D7007 /* Release */,
			);
			defaultConfigurationIsVisible = 0;
			defaultConfigurationName = Release;
		};
		367D740F278CDD18008D7007 /* Build configuration list for PBXNativeTarget "Hype" */ = {
			isa = XCConfigurationList;
			buildConfigurations = (
				367D7410278CDD18008D7007 /* Debug */,
				367D7411278CDD18008D7007 /* Release */,
			);
			defaultConfigurationIsVisible = 0;
			defaultConfigurationName = Release;
		};
/* End XCConfigurationList section */
	};
	rootObject = 367D73F3278CDD0F008D7007 /* Project object */;
}
